
Microsoft Visual Studio Solution File, Format Version 12.00
# Visual Studio Version 17
VisualStudioVersion = 17.4.33205.214
MinimumVisualStudioVersion = 10.0.40219.1
Project("{FAE04EC0-301F-11D3-BF4B-00C04F79EFBC}") = "BoH.BetterCursorZoom", "BoH.BetterCursorZoom\BoH.BetterCursorZoom.csproj", "{CD73413C-A9BD-44D1-B73C-56605EC5A192}"
EndProject
Project("{FAE04EC0-301F-11D3-BF4B-00C04F79EFBC}") = "BoH.PersistentHighlight", "BoH.PersistentHighlight\BoH.PersistentHighlight.csproj", "{91B14B1E-67F6-4957-950A-0A120E8C015E}"
EndProject
Global
	GlobalSection(SolutionConfigurationPlatforms) = preSolution
		Debug|Any CPU = Debug|Any CPU
		Release|Any CPU = Release|Any CPU
	EndGlobalSection
	GlobalSection(ProjectConfigurationPlatforms) = postSolution
		{CD73413C-A9BD-44D1-B73C-56605EC5A192}.Debug|Any CPU.ActiveCfg = Debug|Any CPU
		{CD73413C-A9BD-44D1-B73C-56605EC5A192}.Debug|Any CPU.Build.0 = Debug|Any CPU
		{CD73413C-A9BD-44D1-B73C-56605EC5A192}.Release|Any CPU.ActiveCfg = Release|Any CPU
		{CD73413C-A9BD-44D1-B73C-56605EC5A192}.Release|Any CPU.Build.0 = Release|Any CPU
		{91B14B1E-67F6-4957-950A-0A120E8C015E}.Debug|Any CPU.ActiveCfg = Debug|Any CPU
		{91B14B1E-67F6-4957-950A-0A120E8C015E}.Debug|Any CPU.Build.0 = Debug|Any CPU
		{91B14B1E-67F6-4957-950A-0A120E8C015E}.Release|Any CPU.ActiveCfg = Release|Any CPU
		{91B14B1E-67F6-4957-950A-0A120E8C015E}.Release|Any CPU.Build.0 = Release|Any CPU
	EndGlobalSection
	GlobalSection(SolutionProperties) = preSolution
		HideSolutionNode = FALSE
	EndGlobalSection
	GlobalSection(ExtensibilityGlobals) = postSolution
		SolutionGuid = {65AB5EB0-2C9A-4D41-9B0B-D2AA098A358A}
	EndGlobalSection
EndGlobal
